Microsoft Visual Studio Solution File, Format Version 12.00
# Visual Studio Version 17
VisualStudioVersion = 17.5.2.0
MinimumVisualStudioVersion = 10.0.40219.1
Project("{FAE04EC0-301F-11D3-BF4B-00C04F79EFBC}") = "MovieSearch", "MovieSearch.csproj", "{555AA910-E299-5B58-0BAD-7CFF0966094C}"
EndProject
Global
	GlobalSection(SolutionConfigurationPlatforms) = preSolution
		Debug|Any CPU = Debug|Any CPU
		Release|Any CPU = Release|Any CPU
	EndGlobalSection
	GlobalSection(ProjectConfigurationPlatforms) = postSolution
		{555AA910-E299-5B58-0BAD-7CFF0966094C}.Debug|Any CPU.ActiveCfg = Debug|Any CPU
		{555AA910-E299-5B58-0BAD-7CFF0966094C}.Debug|Any CPU.Build.0 = Debug|Any CPU
		{555AA910-E299-5B58-0BAD-7CFF0966094C}.Release|Any CPU.ActiveCfg = Release|Any CPU
		{555AA910-E299-5B58-0BAD-7CFF0966094C}.Release|Any CPU.Build.0 = Release|Any CPU
	EndGlobalSection
	GlobalSection(SolutionProperties) = preSolution
		HideSolutionNode = FALSE
	EndGlobalSection
	GlobalSection(ExtensibilityGlobals) = postSolution
		SolutionGuid = {2EF11D26-AFEF-4A4E-AC8D-5E0894BDBDD0}
	EndGlobalSection
EndGlobal
